// !$*UTF8*$!
{
	archiveVersion = 1;
	classes = {
	};
	objectVersion = 50;
	objects = {

/* Begin PBXBuildFile section */
		A54E972C266B6F3C00C9CE56 /* AppDelegate.swift in Sources */ = {isa = PBXBuildFile; fileRef = A54E972B266B6F3C00C9CE56 /* AppDelegate.swift */; };
		A54E972E266B6F3C00C9CE56 /* SceneDelegate.swift in Sources */ = {isa = PBXBuildFile; fileRef = A54E972D266B6F3C00C9CE56 /* SceneDelegate.swift */; };
		A54E9730266B6F3C00C9CE56 /* MainViewController.swift in Sources */ = {isa = PBXBuildFile; fileRef = A54E972F266B6F3C00C9CE56 /* MainViewController.swift */; };
		A54E9735266B6F3F00C9CE56 /* Assets.xcassets in Resources */ = {isa = PBXBuildFile; fileRef = A54E9734266B6F3F00C9CE56 /* Assets.xcassets */; };
		A54E9738266B6F3F00C9CE56 /* LaunchScreen.storyboard in Resources */ = {isa = PBXBuildFile; fileRef = A54E9736266B6F3F00C9CE56 /* LaunchScreen.storyboard */; };
		A54E974E266B75A800C9CE56 /* Coordinatable.swift in Sources */ = {isa = PBXBuildFile; fileRef = A54E974D266B75A800C9CE56 /* Coordinatable.swift */; };
		A54E9755266B761B00C9CE56 /* SingletonCoordinator.swift in Sources */ = {isa = PBXBuildFile; fileRef = A54E9754266B761B00C9CE56 /* SingletonCoordinator.swift */; };
		A54E9759266B772500C9CE56 /* CoordinatorConfigurator.swift in Sources */ = {isa = PBXBuildFile; fileRef = A54E9758266B772500C9CE56 /* CoordinatorConfigurator.swift */; };
		A54E975D266B78AD00C9CE56 /* SingletonViewController.swift in Sources */ = {isa = PBXBuildFile; fileRef = A54E975C266B78AD00C9CE56 /* SingletonViewController.swift */; };
		A54E9767266B7E8100C9CE56 /* MainCoordinator.swift in Sources */ = {isa = PBXBuildFile; fileRef = A54E9766266B7E8100C9CE56 /* MainCoordinator.swift */; };
/* End PBXBuildFile section */

/* Begin PBXFileReference section */
		A54E9728266B6F3C00C9CE56 /* FluentInDesignPatterns.app */ = {isa = PBXFileReference; explicitFileType = wrapper.application; includeInIndex = 0; path = FluentInDesignPatterns.app; sourceTree = BUILT_PRODUCTS_DIR; };
		A54E972B266B6F3C00C9CE56 /* AppDelegate.swift */ = {isa = PBXFileReference; lastKnownFileType = sourcecode.swift; path = AppDelegate.swift; sourceTree = "<group>"; };
		A54E972D266B6F3C00C9CE56 /* SceneDelegate.swift */ = {isa = PBXFileReference; lastKnownFileType = sourcecode.swift; path = SceneDelegate.swift; sourceTree = "<group>"; };
		A54E972F266B6F3C00C9CE56 /* MainViewController.swift */ = {isa = PBXFileReference; lastKnownFileType = sourcecode.swift; path = MainViewController.swift; sourceTree = "<group>"; };
		A54E9734266B6F3F00C9CE56 /* Assets.xcassets */ = {isa = PBXFileReference; lastKnownFileType = folder.assetcatalog; path = Assets.xcassets; sourceTree = "<group>"; };
		A54E9737266B6F3F00C9CE56 /* Base */ = {isa = PBXFileReference; lastKnownFileType = file.storyboard; name = Base; path = Base.lproj/LaunchScreen.storyboard; sourceTree = "<group>"; };
		A54E9739266B6F3F00C9CE56 /* Info.plist */ = {isa = PBXFileReference; lastKnownFileType = text.plist.xml; path = Info.plist; sourceTree = "<group>"; };
		A54E974D266B75A800C9CE56 /* Coordinatable.swift */ = {isa = PBXFileReference; lastKnownFileType = sourcecode.swift; path = Coordinatable.swift; sourceTree = "<group>"; };
		A54E9754266B761B00C9CE56 /* SingletonCoordinator.swift */ = {isa = PBXFileReference; lastKnownFileType = sourcecode.swift; path = SingletonCoordinator.swift; sourceTree = "<group>"; };
		A54E9758266B772500C9CE56 /* CoordinatorConfigurator.swift */ = {isa = PBXFileReference; lastKnownFileType = sourcecode.swift; path = CoordinatorConfigurator.swift; sourceTree = "<group>"; };
		A54E975C266B78AD00C9CE56 /* SingletonViewController.swift */ = {isa = PBXFileReference; lastKnownFileType = sourcecode.swift; path = SingletonViewController.swift; sourceTree = "<group>"; };
		A54E9766266B7E8100C9CE56 /* MainCoordinator.swift */ = {isa = PBXFileReference; lastKnownFileType = sourcecode.swift; path = MainCoordinator.swift; sourceTree = "<group>"; };
/* End PBXFileReference section */

/* Begin PBXFrameworksBuildPhase section */
		A54E9725266B6F3C00C9CE56 /* Frameworks */ = {
			isa = PBXFrameworksBuildPhase;
			buildActionMask = 2147483647;
			files = (
			);
			runOnlyForDeploymentPostprocessing = 0;
		};
/* End PBXFrameworksBuildPhase section */

/* Begin PBXGroup section */
		A54E971F266B6F3C00C9CE56 = {
			isa = PBXGroup;
			children = (
				A54E972A266B6F3C00C9CE56 /* FluentInDesignPatterns */,
				A54E9729266B6F3C00C9CE56 /* Products */,
			);
			sourceTree = "<group>";
		};
		A54E9729266B6F3C00C9CE56 /* Products */ = {
			isa = PBXGroup;
			children = (
				A54E9728266B6F3C00C9CE56 /* FluentInDesignPatterns.app */,
			);
			name = Products;
			sourceTree = "<group>";
		};
		A54E972A266B6F3C00C9CE56 /* FluentInDesignPatterns */ = {
			isa = PBXGroup;
			children = (
				A54E9746266B72E400C9CE56 /* AppDelegate */,
				A54E974C266B753A00C9CE56 /* Coordinators */,
				A54E9749266B737000C9CE56 /* Design Patterns */,
				A54E9747266B72F100C9CE56 /* Resources */,
				A54E972F266B6F3C00C9CE56 /* MainViewController.swift */,
			);
			path = FluentInDesignPatterns;
			sourceTree = "<group>";
		};
		A54E9746266B72E400C9CE56 /* AppDelegate */ = {
			isa = PBXGroup;
			children = (
				A54E972D266B6F3C00C9CE56 /* SceneDelegate.swift */,
				A54E972B266B6F3C00C9CE56 /* AppDelegate.swift */,
			);
			path = AppDelegate;
			sourceTree = "<group>";
		};
		A54E9747266B72F100C9CE56 /* Resources */ = {
			isa = PBXGroup;
			children = (
				A54E9736266B6F3F00C9CE56 /* LaunchScreen.storyboard */,
				A54E9734266B6F3F00C9CE56 /* Assets.xcassets */,
				A54E9739266B6F3F00C9CE56 /* Info.plist */,
			);
			path = Resources;
			sourceTree = "<group>";
		};
		A54E9749266B737000C9CE56 /* Design Patterns */ = {
			isa = PBXGroup;
			children = (
				A54E975B266B788B00C9CE56 /* Singleton */,
			);
			path = "Design Patterns";
			sourceTree = "<group>";
		};
		A54E974C266B753A00C9CE56 /* Coordinators */ = {
			isa = PBXGroup;
			children = (
				A54E9751266B75F000C9CE56 /* Protocol */,
				A54E9757266B770200C9CE56 /* Coordinator Configuration */,
				A54E9765266B7E7300C9CE56 /* Main Coordinator */,
				A54E9753266B760200C9CE56 /* Singleton Coordinator */,
			);
			path = Coordinators;
			sourceTree = "<group>";
		};
		A54E9751266B75F000C9CE56 /* Protocol */ = {
			isa = PBXGroup;
			children = (
				A54E974D266B75A800C9CE56 /* Coordinatable.swift */,
			);
			path = Protocol;
			sourceTree = "<group>";
		};
		A54E9753266B760200C9CE56 /* Singleton Coordinator */ = {
			isa = PBXGroup;
			children = (
				A54E9754266B761B00C9CE56 /* SingletonCoordinator.swift */,
			);
			path = "Singleton Coordinator";
			sourceTree = "<group>";
		};
		A54E9757266B770200C9CE56 /* Coordinator Configuration */ = {
			isa = PBXGroup;
			children = (
				A54E9758266B772500C9CE56 /* CoordinatorConfigurator.swift */,
			);
			path = "Coordinator Configuration";
			sourceTree = "<group>";
		};
		A54E975B266B788B00C9CE56 /* Singleton */ = {
			isa = PBXGroup;
			children = (
				A54E975C266B78AD00C9CE56 /* SingletonViewController.swift */,
			);
			path = Singleton;
			sourceTree = "<group>";
		};
		A54E9765266B7E7300C9CE56 /* Main Coordinator */ = {
			isa = PBXGroup;
			children = (
				A54E9766266B7E8100C9CE56 /* MainCoordinator.swift */,
			);
			path = "Main Coordinator";
			sourceTree = "<group>";
		};
/* End PBXGroup section */

/* Begin PBXNativeTarget section */
		A54E9727266B6F3C00C9CE56 /* FluentInDesignPatterns */ = {
			isa = PBXNativeTarget;
			buildConfigurationList = A54E973C266B6F3F00C9CE56 /* Build configuration list for PBXNativeTarget "FluentInDesignPatterns" */;
			buildPhases = (
				A54E9724266B6F3C00C9CE56 /* Sources */,
				A54E9725266B6F3C00C9CE56 /* Frameworks */,
				A54E9726266B6F3C00C9CE56 /* Resources */,
			);
			buildRules = (
			);
			dependencies = (
			);
			name = FluentInDesignPatterns;
			productName = FluentInDesignPatterns;
			productReference = A54E9728266B6F3C00C9CE56 /* FluentInDesignPatterns.app */;
			productType = "com.apple.product-type.application";
		};
/* End PBXNativeTarget section */

/* Begin PBXProject section */
		A54E9720266B6F3C00C9CE56 /* Project object */ = {
			isa = PBXProject;
			attributes = {
				LastSwiftUpdateCheck = 1220;
				LastUpgradeCheck = 1220;
				TargetAttributes = {
					A54E9727266B6F3C00C9CE56 = {
						CreatedOnToolsVersion = 12.2;
					};
				};
			};
			buildConfigurationList = A54E9723266B6F3C00C9CE56 /* Build configuration list for PBXProject "FluentInDesignPatterns" */;
			compatibilityVersion = "Xcode 9.3";
			developmentRegion = en;
			hasScannedForEncodings = 0;
			knownRegions = (
				en,
				Base,
			);
			mainGroup = A54E971F266B6F3C00C9CE56;
			productRefGroup = A54E9729266B6F3C00C9CE56 /* Products */;
			projectDirPath = "";
			projectRoot = "";
			targets = (
				A54E9727266B6F3C00C9CE56 /* FluentInDesignPatterns */,
			);
		};
/* End PBXProject section */

/* Begin PBXResourcesBuildPhase section */
		A54E9726266B6F3C00C9CE56 /* Resources */ = {
			isa = PBXResourcesBuildPhase;
			buildActionMask = 2147483647;
			files = (
				A54E9738266B6F3F00C9CE56 /* LaunchScreen.storyboard in Resources */,
				A54E9735266B6F3F00C9CE56 /* Assets.xcassets in Resources */,
			);
			runOnlyForDeploymentPostprocessing = 0;
		};
/* End PBXResourcesBuildPhase section */

/* Begin PBXSourcesBuildPhase section */
		A54E9724266B6F3C00C9CE56 /* Sources */ = {
			isa = PBXSourcesBuildPhase;
			buildActionMask = 2147483647;
			files = (
				A54E9730266B6F3C00C9CE56 /* MainViewController.swift in Sources */,
				A54E9767266B7E8100C9CE56 /* MainCoordinator.swift in Sources */,
				A54E974E266B75A800C9CE56 /* Coordinatable.swift in Sources */,
				A54E975D266B78AD00C9CE56 /* SingletonViewController.swift in Sources */,
				A54E972C266B6F3C00C9CE56 /* AppDelegate.swift in Sources */,
				A54E972E266B6F3C00C9CE56 /* SceneDelegate.swift in Sources */,
				A54E9755266B761B00C9CE56 /* SingletonCoordinator.swift in Sources */,
				A54E9759266B772500C9CE56 /* CoordinatorConfigurator.swift in Sources */,
			);
			runOnlyForDeploymentPostprocessing = 0;
		};
/* End PBXSourcesBuildPhase section */

/* Begin PBXVariantGroup section */
		A54E9736266B6F3F00C9CE56 /* LaunchScreen.storyboard */ = {
			isa = PBXVariantGroup;
			children = (
				A54E9737266B6F3F00C9CE56 /* Base */,
			);
			name = LaunchScreen.storyboard;
			sourceTree = "<group>";
		};
/* End PBXVariantGroup section */

/* Begin XCBuildConfiguration section */
		A54E973A266B6F3F00C9CE56 /* Debug */ = {
			isa = XCBuildConfiguration;
			buildSettings = {
				ALWAYS_SEARCH_USER_PATHS = NO;
				CLANG_ANALYZER_NONNULL = YES;
				CLANG_ANALYZER_NUMBER_OBJECT_CONVERSION = YES_AGGRESSIVE;
				CLANG_CXX_LANGUAGE_STANDARD = "gnu++14";
				CLANG_CXX_LIBRARY = "libc++";
				CLANG_ENABLE_MODULES = YES;
				CLANG_ENABLE_OBJC_ARC = YES;
				CLANG_ENABLE_OBJC_WEAK = YES;
				CLANG_WARN_BLOCK_CAPTURE_AUTORELEASING = YES;
				CLANG_WARN_BOOL_CONVERSION = YES;
				CLANG_WARN_COMMA = YES;
				CLANG_WARN_CONSTANT_CONVERSION = YES;
				CLANG_WARN_DEPRECATED_OBJC_IMPLEMENTATIONS = YES;
				CLANG_WARN_DIRECT_OBJC_ISA_USAGE = YES_ERROR;
				CLANG_WARN_DOCUMENTATION_COMMENTS = YES;
				CLANG_WARN_EMPTY_BODY = YES;
				CLANG_WARN_ENUM_CONVERSION = YES;
				CLANG_WARN_INFINITE_RECURSION = YES;
				CLANG_WARN_INT_CONVERSION = YES;
				CLANG_WARN_NON_LITERAL_NULL_CONVERSION = YES;
				CLANG_WARN_OBJC_IMPLICIT_RETAIN_SELF = YES;
				CLANG_WARN_OBJC_LITERAL_CONVERSION = YES;
				CLANG_WARN_OBJC_ROOT_CLASS = YES_ERROR;
				CLANG_WARN_QUOTED_INCLUDE_IN_FRAMEWORK_HEADER = YES;
				CLANG_WARN_RANGE_LOOP_ANALYSIS = YES;
				CLANG_WARN_STRICT_PROTOTYPES = YES;
				CLANG_WARN_SUSPICIOUS_MOVE = YES;
				CLANG_WARN_UNGUARDED_AVAILABILITY = YES_AGGRESSIVE;
				CLANG_WARN_UNREACHABLE_CODE = YES;
				CLANG_WARN__DUPLICATE_METHOD_MATCH = YES;
				COPY_PHASE_STRIP = NO;
				DEBUG_INFORMATION_FORMAT = dwarf;
				ENABLE_STRICT_OBJC_MSGSEND = YES;
				ENABLE_TESTABILITY = YES;
				GCC_C_LANGUAGE_STANDARD = gnu11;
				GCC_DYNAMIC_NO_PIC = NO;
				GCC_NO_COMMON_BLOCKS = YES;
				GCC_OPTIMIZATION_LEVEL = 0;
				GCC_PREPROCESSOR_DEFINITIONS = (
					"DEBUG=1",
					"$(inherited)",
				);
				GCC_WARN_64_TO_32_BIT_CONVERSION = YES;
				GCC_WARN_ABOUT_RETURN_TYPE = YES_ERROR;
				GCC_WARN_UNDECLARED_SELECTOR = YES;
				GCC_WARN_UNINITIALIZED_AUTOS = YES_AGGRESSIVE;
				GCC_WARN_UNUSED_FUNCTION = YES;
				GCC_WARN_UNUSED_VARIABLE = YES;
				IPHONEOS_DEPLOYMENT_TARGET = 14.2;
				MTL_ENABLE_DEBUG_INFO = INCLUDE_SOURCE;
				MTL_FAST_MATH = YES;
				ONLY_ACTIVE_ARCH = YES;
				SDKROOT = iphoneos;
				SWIFT_ACTIVE_COMPILATION_CONDITIONS = DEBUG;
				SWIFT_OPTIMIZATION_LEVEL = "-Onone";
			};
			name = Debug;
		};
		A54E973B266B6F3F00C9CE56 /* Release */ = {
			isa = XCBuildConfiguration;
			buildSettings = {
				ALWAYS_SEARCH_USER_PATHS = NO;
				CLANG_ANALYZER_NONNULL = YES;
				CLANG_ANALYZER_NUMBER_OBJECT_CONVERSION = YES_AGGRESSIVE;
				CLANG_CXX_LANGUAGE_STANDARD = "gnu++14";
				CLANG_CXX_LIBRARY = "libc++";
				CLANG_ENABLE_MODULES = YES;
				CLANG_ENABLE_OBJC_ARC = YES;
				CLANG_ENABLE_OBJC_WEAK = YES;
				CLANG_WARN_BLOCK_CAPTURE_AUTORELEASING = YES;
				CLANG_WARN_BOOL_CONVERSION = YES;
				CLANG_WARN_COMMA = YES;
				CLANG_WARN_CONSTANT_CONVERSION = YES;
				CLANG_WARN_DEPRECATED_OBJC_IMPLEMENTATIONS = YES;
				CLANG_WARN_DIRECT_OBJC_ISA_USAGE = YES_ERROR;
				CLANG_WARN_DOCUMENTATION_COMMENTS = YES;
				CLANG_WARN_EMPTY_BODY = YES;
				CLANG_WARN_ENUM_CONVERSION = YES;
				CLANG_WARN_INFINITE_RECURSION = YES;
				CLANG_WARN_INT_CONVERSION = YES;
				CLANG_WARN_NON_LITERAL_NULL_CONVERSION = YES;
				CLANG_WARN_OBJC_IMPLICIT_RETAIN_SELF = YES;
				CLANG_WARN_OBJC_LITERAL_CONVERSION = YES;
				CLANG_WARN_OBJC_ROOT_CLASS = YES_ERROR;
				CLANG_WARN_QUOTED_INCLUDE_IN_FRAMEWORK_HEADER = YES;
				CLANG_WARN_RANGE_LOOP_ANALYSIS = YES;
				CLANG_WARN_STRICT_PROTOTYPES = YES;
				CLANG_WARN_SUSPICIOUS_MOVE = YES;
				CLANG_WARN_UNGUARDED_AVAILABILITY = YES_AGGRESSIVE;
				CLANG_WARN_UNREACHABLE_CODE = YES;
				CLANG_WARN__DUPLICATE_METHOD_MATCH = YES;
				COPY_PHASE_STRIP = NO;
				DEBUG_INFORMATION_FORMAT = "dwarf-with-dsym";
				ENABLE_NS_ASSERTIONS = NO;
				ENABLE_STRICT_OBJC_MSGSEND = YES;
				GCC_C_LANGUAGE_STANDARD = gnu11;
				GCC_NO_COMMON_BLOCKS = YES;
				GCC_WARN_64_TO_32_BIT_CONVERSION = YES;
				GCC_WARN_ABOUT_RETURN_TYPE = YES_ERROR;
				GCC_WARN_UNDECLARED_SELECTOR = YES;
				GCC_WARN_UNINITIALIZED_AUTOS = YES_AGGRESSIVE;
				GCC_WARN_UNUSED_FUNCTION = YES;
				GCC_WARN_UNUSED_VARIABLE = YES;
				IPHONEOS_DEPLOYMENT_TARGET = 14.2;
				MTL_ENABLE_DEBUG_INFO = NO;
				MTL_FAST_MATH = YES;
				SDKROOT = iphoneos;
				SWIFT_COMPILATION_MODE = wholemodule;
				SWIFT_OPTIMIZATION_LEVEL = "-O";
				VALIDATE_PRODUCT = YES;
			};
			name = Release;
		};
		A54E973D266B6F3F00C9CE56 /* Debug */ = {
			isa = XCBuildConfiguration;
			buildSettings = {
				ASSETCATALOG_COMPILER_APPICON_NAME = AppIcon;
				ASSETCATALOG_COMPILER_GLOBAL_ACCENT_COLOR_NAME = AccentColor;
				CODE_SIGN_STYLE = Automatic;
				DEVELOPMENT_TEAM = GUF6JQVK4V;
				INFOPLIST_FILE = FluentInDesignPatterns/Resources/Info.plist;
				LD_RUNPATH_SEARCH_PATHS = (
					"$(inherited)",
					"@executable_path/Frameworks",
				);
				PRODUCT_BUNDLE_IDENTIFIER = com.chsherbaksergey.FluentInDesignPatterns;
				PRODUCT_NAME = "$(TARGET_NAME)";
				SWIFT_VERSION = 5.0;
				TARGETED_DEVICE_FAMILY = "1,2";
			};
			name = Debug;
		};
		A54E973E266B6F3F00C9CE56 /* Release */ = {
			isa = XCBuildConfiguration;
			buildSettings = {
				ASSETCATALOG_COMPILER_APPICON_NAME = AppIcon;
				ASSETCATALOG_COMPILER_GLOBAL_ACCENT_COLOR_NAME = AccentColor;
				CODE_SIGN_STYLE = Automatic;
				DEVELOPMENT_TEAM = GUF6JQVK4V;
				INFOPLIST_FILE = FluentInDesignPatterns/Resources/Info.plist;
				LD_RUNPATH_SEARCH_PATHS = (
					"$(inherited)",
					"@executable_path/Frameworks",
				);
				PRODUCT_BUNDLE_IDENTIFIER = com.chsherbaksergey.FluentInDesignPatterns;
				PRODUCT_NAME = "$(TARGET_NAME)";
				SWIFT_VERSION = 5.0;
				TARGETED_DEVICE_FAMILY = "1,2";
			};
			name = Release;
		};
		A54E9740266B702900C9CE56 /* DebugSingleton */ = {
			isa = XCBuildConfiguration;
			buildSettings = {
				ALWAYS_SEARCH_USER_PATHS = NO;
				CLANG_ANALYZER_NONNULL = YES;
				CLANG_ANALYZER_NUMBER_OBJECT_CONVERSION = YES_AGGRESSIVE;
				CLANG_CXX_LANGUAGE_STANDARD = "gnu++14";
				CLANG_CXX_LIBRARY = "libc++";
				CLANG_ENABLE_MODULES = YES;
				CLANG_ENABLE_OBJC_ARC = YES;
				CLANG_ENABLE_OBJC_WEAK = YES;
				CLANG_WARN_BLOCK_CAPTURE_AUTORELEASING = YES;
				CLANG_WARN_BOOL_CONVERSION = YES;
				CLANG_WARN_COMMA = YES;
				CLANG_WARN_CONSTANT_CONVERSION = YES;
				CLANG_WARN_DEPRECATED_OBJC_IMPLEMENTATIONS = YES;
				CLANG_WARN_DIRECT_OBJC_ISA_USAGE = YES_ERROR;
				CLANG_WARN_DOCUMENTATION_COMMENTS = YES;
				CLANG_WARN_EMPTY_BODY = YES;
				CLANG_WARN_ENUM_CONVERSION = YES;
				CLANG_WARN_INFINITE_RECURSION = YES;
				CLANG_WARN_INT_CONVERSION = YES;
				CLANG_WARN_NON_LITERAL_NULL_CONVERSION = YES;
				CLANG_WARN_OBJC_IMPLICIT_RETAIN_SELF = YES;
				CLANG_WARN_OBJC_LITERAL_CONVERSION = YES;
				CLANG_WARN_OBJC_ROOT_CLASS = YES_ERROR;
				CLANG_WARN_QUOTED_INCLUDE_IN_FRAMEWORK_HEADER = YES;
				CLANG_WARN_RANGE_LOOP_ANALYSIS = YES;
				CLANG_WARN_STRICT_PROTOTYPES = YES;
				CLANG_WARN_SUSPICIOUS_MOVE = YES;
				CLANG_WARN_UNGUARDED_AVAILABILITY = YES_AGGRESSIVE;
				CLANG_WARN_UNREACHABLE_CODE = YES;
				CLANG_WARN__DUPLICATE_METHOD_MATCH = YES;
				COPY_PHASE_STRIP = NO;
				DEBUG_INFORMATION_FORMAT = dwarf;
				ENABLE_STRICT_OBJC_MSGSEND = YES;
				ENABLE_TESTABILITY = YES;
				GCC_C_LANGUAGE_STANDARD = gnu11;
				GCC_DYNAMIC_NO_PIC = NO;
				GCC_NO_COMMON_BLOCKS = YES;
				GCC_OPTIMIZATION_LEVEL = 0;
				GCC_PREPROCESSOR_DEFINITIONS = (
					"DEBUG=1",
					"$(inherited)",
				);
				GCC_WARN_64_TO_32_BIT_CONVERSION = YES;
				GCC_WARN_ABOUT_RETURN_TYPE = YES_ERROR;
				GCC_WARN_UNDECLARED_SELECTOR = YES;
				GCC_WARN_UNINITIALIZED_AUTOS = YES_AGGRESSIVE;
				GCC_WARN_UNUSED_FUNCTION = YES;
				GCC_WARN_UNUSED_VARIABLE = YES;
				IPHONEOS_DEPLOYMENT_TARGET = 14.2;
				MTL_ENABLE_DEBUG_INFO = INCLUDE_SOURCE;
				MTL_FAST_MATH = YES;
				ONLY_ACTIVE_ARCH = YES;
				SDKROOT = iphoneos;
				SWIFT_ACTIVE_COMPILATION_CONDITIONS = "DEBUG SINGLETON";
				SWIFT_OPTIMIZATION_LEVEL = "-Onone";
			};
			name = DebugSingleton;
		};
		A54E9741266B702900C9CE56 /* DebugSingleton */ = {
			isa = XCBuildConfiguration;
			buildSettings = {
				ASSETCATALOG_COMPILER_APPICON_NAME = AppIcon;
				ASSETCATALOG_COMPILER_GLOBAL_ACCENT_COLOR_NAME = AccentColor;
				CODE_SIGN_STYLE = Automatic;
				DEVELOPMENT_TEAM = GUF6JQVK4V;
				INFOPLIST_FILE = FluentInDesignPatterns/Resources/Info.plist;
				LD_RUNPATH_SEARCH_PATHS = (
					"$(inherited)",
					"@executable_path/Frameworks",
				);
				PRODUCT_BUNDLE_IDENTIFIER = com.chsherbaksergey.FluentInDesignPatterns;
				PRODUCT_NAME = "$(TARGET_NAME)";
				SWIFT_VERSION = 5.0;
				TARGETED_DEVICE_FAMILY = "1,2";
			};
			name = DebugSingleton;
		};
		A54E9744266B729400C9CE56 /* ReleaseSingleton */ = {
			isa = XCBuildConfiguration;
			buildSettings = {
				ALWAYS_SEARCH_USER_PATHS = NO;
				CLANG_ANALYZER_NONNULL = YES;
				CLANG_ANALYZER_NUMBER_OBJECT_CONVERSION = YES_AGGRESSIVE;
				CLANG_CXX_LANGUAGE_STANDARD = "gnu++14";
				CLANG_CXX_LIBRARY = "libc++";
				CLANG_ENABLE_MODULES = YES;
				CLANG_ENABLE_OBJC_ARC = YES;
				CLANG_ENABLE_OBJC_WEAK = YES;
				CLANG_WARN_BLOCK_CAPTURE_AUTORELEASING = YES;
				CLANG_WARN_BOOL_CONVERSION = YES;
				CLANG_WARN_COMMA = YES;
				CLANG_WARN_CONSTANT_CONVERSION = YES;
				CLANG_WARN_DEPRECATED_OBJC_IMPLEMENTATIONS = YES;
				CLANG_WARN_DIRECT_OBJC_ISA_USAGE = YES_ERROR;
				CLANG_WARN_DOCUMENTATION_COMMENTS = YES;
				CLANG_WARN_EMPTY_BODY = YES;
				CLANG_WARN_ENUM_CONVERSION = YES;
				CLANG_WARN_INFINITE_RECURSION = YES;
				CLANG_WARN_INT_CONVERSION = YES;
				CLANG_WARN_NON_LITERAL_NULL_CONVERSION = YES;
				CLANG_WARN_OBJC_IMPLICIT_RETAIN_SELF = YES;
				CLANG_WARN_OBJC_LITERAL_CONVERSION = YES;
				CLANG_WARN_OBJC_ROOT_CLASS = YES_ERROR;
				CLANG_WARN_QUOTED_INCLUDE_IN_FRAMEWORK_HEADER = YES;
				CLANG_WARN_RANGE_LOOP_ANALYSIS = YES;
				CLANG_WARN_STRICT_PROTOTYPES = YES;
				CLANG_WARN_SUSPICIOUS_MOVE = YES;
				CLANG_WARN_UNGUARDED_AVAILABILITY = YES_AGGRESSIVE;
				CLANG_WARN_UNREACHABLE_CODE = YES;
				CLANG_WARN__DUPLICATE_METHOD_MATCH = YES;
				COPY_PHASE_STRIP = NO;
				DEBUG_INFORMATION_FORMAT = "dwarf-with-dsym";
				ENABLE_NS_ASSERTIONS = NO;
				ENABLE_STRICT_OBJC_MSGSEND = YES;
				GCC_C_LANGUAGE_STANDARD = gnu11;
				GCC_NO_COMMON_BLOCKS = YES;
				GCC_WARN_64_TO_32_BIT_CONVERSION = YES;
				GCC_WARN_ABOUT_RETURN_TYPE = YES_ERROR;
				GCC_WARN_UNDECLARED_SELECTOR = YES;
				GCC_WARN_UNINITIALIZED_AUTOS = YES_AGGRESSIVE;
				GCC_WARN_UNUSED_FUNCTION = YES;
				GCC_WARN_UNUSED_VARIABLE = YES;
				IPHONEOS_DEPLOYMENT_TARGET = 14.2;
				MTL_ENABLE_DEBUG_INFO = NO;
				MTL_FAST_MATH = YES;
				SDKROOT = iphoneos;
				SWIFT_ACTIVE_COMPILATION_CONDITIONS = SINGLETON;
				SWIFT_COMPILATION_MODE = wholemodule;
				SWIFT_OPTIMIZATION_LEVEL = "-O";
				VALIDATE_PRODUCT = YES;
			};
			name = ReleaseSingleton;
		};
		A54E9745266B729400C9CE56 /* ReleaseSingleton */ = {
			isa = XCBuildConfiguration;
			buildSettings = {
				ASSETCATALOG_COMPILER_APPICON_NAME = AppIcon;
				ASSETCATALOG_COMPILER_GLOBAL_ACCENT_COLOR_NAME = AccentColor;
				CODE_SIGN_STYLE = Automatic;
				DEVELOPMENT_TEAM = GUF6JQVK4V;
				INFOPLIST_FILE = FluentInDesignPatterns/Resources/Info.plist;
				LD_RUNPATH_SEARCH_PATHS = (
					"$(inherited)",
					"@executable_path/Frameworks",
				);
				PRODUCT_BUNDLE_IDENTIFIER = com.chsherbaksergey.FluentInDesignPatterns;
				PRODUCT_NAME = "$(TARGET_NAME)";
				SWIFT_VERSION = 5.0;
				TARGETED_DEVICE_FAMILY = "1,2";
			};
			name = ReleaseSingleton;
		};
/* End XCBuildConfiguration section */

/* Begin XCConfigurationList section */
		A54E9723266B6F3C00C9CE56 /* Build configuration list for PBXProject "FluentInDesignPatterns" */ = {
			isa = XCConfigurationList;
			buildConfigurations = (
				A54E973A266B6F3F00C9CE56 /* Debug */,
				A54E9740266B702900C9CE56 /* DebugSingleton */,
				A54E973B266B6F3F00C9CE56 /* Release */,
				A54E9744266B729400C9CE56 /* ReleaseSingleton */,
			);
			defaultConfigurationIsVisible = 0;
			defaultConfigurationName = Release;
		};
		A54E973C266B6F3F00C9CE56 /* Build configuration list for PBXNativeTarget "FluentInDesignPatterns" */ = {
			isa = XCConfigurationList;
			buildConfigurations = (
				A54E973D266B6F3F00C9CE56 /* Debug */,
				A54E9741266B702900C9CE56 /* DebugSingleton */,
				A54E973E266B6F3F00C9CE56 /* Release */,
				A54E9745266B729400C9CE56 /* ReleaseSingleton */,
			);
			defaultConfigurationIsVisible = 0;
			defaultConfigurationName = Release;
		};
/* End XCConfigurationList section */
	};
	rootObject = A54E9720266B6F3C00C9CE56 /* Project object */;
}
